
Microsoft Visual Studio Solution File, Format Version 11.00
# Visual Studio 2010
Project("{2150E333-8FDC-42A3-9474-1A3956D46DE8}") = "Environment", "Environment", "{4C37371B-B589-452B-824F-07B56BFD24FF}"
EndProject
Project("{FAE04EC0-301F-11D3-BF4B-00C04F79EFBC}") = "DSPConnector", "..\..\Environment\DSPConnector\DSPConnector.csproj", "{EFF1AE1F-50CC-47C8-9F2C-826DB3D765E8}"
EndProject
Project("{FAE04EC0-301F-11D3-BF4B-00C04F79EFBC}") = "ItemHandler", "..\..\Environment\ItemHandler\ItemHandler.csproj", "{A8378614-05B4-40E1-8D16-2E46983BCF41}"
EndProject
Project("{FAE04EC0-301F-11D3-BF4B-00C04F79EFBC}") = "Macros", "..\..\Environment\Macros\Macros.csproj", "{6CD68E9E-6F8E-45BF-B650-74795F07C864}"
EndProject
Project("{FAE04EC0-301F-11D3-BF4B-00C04F79EFBC}") = "Shared", "..\..\Environment\Shared\Shared.csproj", "{E9182F3B-7930-45AF-B0A1-F39B21758F3E}"
EndProject
Project("{FAE04EC0-301F-11D3-BF4B-00C04F79EFBC}") = "Programs", "Programs\Programs.csproj", "{E8A42523-3867-4ACD-95C6-2EB9CB2E6E55}"
EndProject
Global
	GlobalSection(SolutionConfigurationPlatforms) = preSolution
		Debug|Any CPU = Debug|Any CPU
		Debug|Mixed Platforms = Debug|Mixed Platforms
		Debug|x86 = Debug|x86
		Release|Any CPU = Release|Any CPU
		Release|Mixed Platforms = Release|Mixed Platforms
		Release|x86 = Release|x86
		test|Any CPU = test|Any CPU
		test|Mixed Platforms = test|Mixed Platforms
		test|x86 = test|x86
	EndGlobalSection
	GlobalSection(ProjectConfigurationPlatforms) = postSolution
		{EFF1AE1F-50CC-47C8-9F2C-826DB3D765E8}.Debug|Any CPU.ActiveCfg = Debug|Any CPU
		{EFF1AE1F-50CC-47C8-9F2C-826DB3D765E8}.Debug|Any CPU.Build.0 = Debug|Any CPU
		{EFF1AE1F-50CC-47C8-9F2C-826DB3D765E8}.Debug|Mixed Platforms.ActiveCfg = Debug|Any CPU
		{EFF1AE1F-50CC-47C8-9F2C-826DB3D765E8}.Debug|Mixed Platforms.Build.0 = Debug|Any CPU
		{EFF1AE1F-50CC-47C8-9F2C-826DB3D765E8}.Debug|x86.ActiveCfg = Debug|Any CPU
		{EFF1AE1F-50CC-47C8-9F2C-826DB3D765E8}.Release|Any CPU.ActiveCfg = Release|Any CPU
		{EFF1AE1F-50CC-47C8-9F2C-826DB3D765E8}.Release|Any CPU.Build.0 = Release|Any CPU
		{EFF1AE1F-50CC-47C8-9F2C-826DB3D765E8}.Release|Mixed Platforms.ActiveCfg = Release|Any CPU
		{EFF1AE1F-50CC-47C8-9F2C-826DB3D765E8}.Release|Mixed Platforms.Build.0 = Release|Any CPU
		{EFF1AE1F-50CC-47C8-9F2C-826DB3D765E8}.Release|x86.ActiveCfg = Release|Any CPU
		{EFF1AE1F-50CC-47C8-9F2C-826DB3D765E8}.test|Any CPU.ActiveCfg = Release|Any CPU
		{EFF1AE1F-50CC-47C8-9F2C-826DB3D765E8}.test|Any CPU.Build.0 = Release|Any CPU
		{EFF1AE1F-50CC-47C8-9F2C-826DB3D765E8}.test|Mixed Platforms.ActiveCfg = Release|Any CPU
		{EFF1AE1F-50CC-47C8-9F2C-826DB3D765E8}.test|Mixed Platforms.Build.0 = Release|Any CPU
		{EFF1AE1F-50CC-47C8-9F2C-826DB3D765E8}.test|x86.ActiveCfg = Release|Any CPU
		{A8378614-05B4-40E1-8D16-2E46983BCF41}.Debug|Any CPU.ActiveCfg = Debug|x86
		{A8378614-05B4-40E1-8D16-2E46983BCF41}.Debug|Mixed Platforms.ActiveCfg = Debug|x86
		{A8378614-05B4-40E1-8D16-2E46983BCF41}.Debug|Mixed Platforms.Build.0 = Debug|x86
		{A8378614-05B4-40E1-8D16-2E46983BCF41}.Debug|x86.ActiveCfg = Debug|x86
		{A8378614-05B4-40E1-8D16-2E46983BCF41}.Debug|x86.Build.0 = Debug|x86
		{A8378614-05B4-40E1-8D16-2E46983BCF41}.Release|Any CPU.ActiveCfg = Release|x86
		{A8378614-05B4-40E1-8D16-2E46983BCF41}.Release|Mixed Platforms.ActiveCfg = Release|x86
		{A8378614-05B4-40E1-8D16-2E46983BCF41}.Release|Mixed Platforms.Build.0 = Release|x86
		{A8378614-05B4-40E1-8D16-2E46983BCF41}.Release|x86.ActiveCfg = Release|x86
		{A8378614-05B4-40E1-8D16-2E46983BCF41}.Release|x86.Build.0 = Release|x86
		{A8378614-05B4-40E1-8D16-2E46983BCF41}.test|Any CPU.ActiveCfg = Release|x86
		{A8378614-05B4-40E1-8D16-2E46983BCF41}.test|Mixed Platforms.ActiveCfg = Release|x86
		{A8378614-05B4-40E1-8D16-2E46983BCF41}.test|Mixed Platforms.Build.0 = Release|x86
		{A8378614-05B4-40E1-8D16-2E46983BCF41}.test|x86.ActiveCfg = Release|x86
		{A8378614-05B4-40E1-8D16-2E46983BCF41}.test|x86.Build.0 = Release|x86
		{6CD68E9E-6F8E-45BF-B650-74795F07C864}.Debug|Any CPU.ActiveCfg = Debug|Any CPU
		{6CD68E9E-6F8E-45BF-B650-74795F07C864}.Debug|Any CPU.Build.0 = Debug|Any CPU
		{6CD68E9E-6F8E-45BF-B650-74795F07C864}.Debug|Mixed Platforms.ActiveCfg = Debug|Any CPU
		{6CD68E9E-6F8E-45BF-B650-74795F07C864}.Debug|Mixed Platforms.Build.0 = Debug|Any CPU
		{6CD68E9E-6F8E-45BF-B650-74795F07C864}.Debug|x86.ActiveCfg = Debug|Any CPU
		{6CD68E9E-6F8E-45BF-B650-74795F07C864}.Release|Any CPU.ActiveCfg = Release|Any CPU
		{6CD68E9E-6F8E-45BF-B650-74795F07C864}.Release|Any CPU.Build.0 = Release|Any CPU
		{6CD68E9E-6F8E-45BF-B650-74795F07C864}.Release|Mixed Platforms.ActiveCfg = Release|Any CPU
		{6CD68E9E-6F8E-45BF-B650-74795F07C864}.Release|Mixed Platforms.Build.0 = Release|Any CPU
		{6CD68E9E-6F8E-45BF-B650-74795F07C864}.Release|x86.ActiveCfg = Release|Any CPU
		{6CD68E9E-6F8E-45BF-B650-74795F07C864}.test|Any CPU.ActiveCfg = Release|Any CPU
		{6CD68E9E-6F8E-45BF-B650-74795F07C864}.test|Any CPU.Build.0 = Release|Any CPU
		{6CD68E9E-6F8E-45BF-B650-74795F07C864}.test|Mixed Platforms.ActiveCfg = Release|Any CPU
		{6CD68E9E-6F8E-45BF-B650-74795F07C864}.test|Mixed Platforms.Build.0 = Release|Any CPU
		{6CD68E9E-6F8E-45BF-B650-74795F07C864}.test|x86.ActiveCfg = Release|Any CPU
		{E9182F3B-7930-45AF-B0A1-F39B21758F3E}.Debug|Any CPU.ActiveCfg = Debug|Any CPU
		{E9182F3B-7930-45AF-B0A1-F39B21758F3E}.Debug|Any CPU.Build.0 = Debug|Any CPU
		{E9182F3B-7930-45AF-B0A1-F39B21758F3E}.Debug|Mixed Platforms.ActiveCfg = Debug|Any CPU
		{E9182F3B-7930-45AF-B0A1-F39B21758F3E}.Debug|Mixed Platforms.Build.0 = Debug|Any CPU
		{E9182F3B-7930-45AF-B0A1-F39B21758F3E}.Debug|x86.ActiveCfg = Debug|Any CPU
		{E9182F3B-7930-45AF-B0A1-F39B21758F3E}.Release|Any CPU.ActiveCfg = Release|Any CPU
		{E9182F3B-7930-45AF-B0A1-F39B21758F3E}.Release|Any CPU.Build.0 = Release|Any CPU
		{E9182F3B-7930-45AF-B0A1-F39B21758F3E}.Release|Mixed Platforms.ActiveCfg = Release|Any CPU
		{E9182F3B-7930-45AF-B0A1-F39B21758F3E}.Release|Mixed Platforms.Build.0 = Release|Any CPU
		{E9182F3B-7930-45AF-B0A1-F39B21758F3E}.Release|x86.ActiveCfg = Release|Any CPU
		{E9182F3B-7930-45AF-B0A1-F39B21758F3E}.test|Any CPU.ActiveCfg = Release|Any CPU
		{E9182F3B-7930-45AF-B0A1-F39B21758F3E}.test|Any CPU.Build.0 = Release|Any CPU
		{E9182F3B-7930-45AF-B0A1-F39B21758F3E}.test|Mixed Platforms.ActiveCfg = Release|Any CPU
		{E9182F3B-7930-45AF-B0A1-F39B21758F3E}.test|Mixed Platforms.Build.0 = Release|Any CPU
		{E9182F3B-7930-45AF-B0A1-F39B21758F3E}.test|x86.ActiveCfg = Release|Any CPU
		{E8A42523-3867-4ACD-95C6-2EB9CB2E6E55}.Debug|Any CPU.ActiveCfg = Debug|x86
		{E8A42523-3867-4ACD-95C6-2EB9CB2E6E55}.Debug|Mixed Platforms.ActiveCfg = Debug|x86
		{E8A42523-3867-4ACD-95C6-2EB9CB2E6E55}.Debug|Mixed Platforms.Build.0 = Debug|x86
		{E8A42523-3867-4ACD-95C6-2EB9CB2E6E55}.Debug|x86.ActiveCfg = Debug|x86
		{E8A42523-3867-4ACD-95C6-2EB9CB2E6E55}.Debug|x86.Build.0 = Debug|x86
		{E8A42523-3867-4ACD-95C6-2EB9CB2E6E55}.Release|Any CPU.ActiveCfg = Release|x86
		{E8A42523-3867-4ACD-95C6-2EB9CB2E6E55}.Release|Mixed Platforms.ActiveCfg = Release|x86
		{E8A42523-3867-4ACD-95C6-2EB9CB2E6E55}.Release|Mixed Platforms.Build.0 = Release|x86
		{E8A42523-3867-4ACD-95C6-2EB9CB2E6E55}.Release|x86.ActiveCfg = Release|x86
		{E8A42523-3867-4ACD-95C6-2EB9CB2E6E55}.Release|x86.Build.0 = Release|x86
		{E8A42523-3867-4ACD-95C6-2EB9CB2E6E55}.test|Any CPU.ActiveCfg = test|x86
		{E8A42523-3867-4ACD-95C6-2EB9CB2E6E55}.test|Mixed Platforms.ActiveCfg = test|x86
		{E8A42523-3867-4ACD-95C6-2EB9CB2E6E55}.test|Mixed Platforms.Build.0 = test|x86
		{E8A42523-3867-4ACD-95C6-2EB9CB2E6E55}.test|x86.ActiveCfg = test|x86
		{E8A42523-3867-4ACD-95C6-2EB9CB2E6E55}.test|x86.Build.0 = test|x86
	EndGlobalSection
	GlobalSection(SolutionProperties) = preSolution
		HideSolutionNode = FALSE
	EndGlobalSection
	GlobalSection(NestedProjects) = preSolution
		{EFF1AE1F-50CC-47C8-9F2C-826DB3D765E8} = {4C37371B-B589-452B-824F-07B56BFD24FF}
		{A8378614-05B4-40E1-8D16-2E46983BCF41} = {4C37371B-B589-452B-824F-07B56BFD24FF}
		{6CD68E9E-6F8E-45BF-B650-74795F07C864} = {4C37371B-B589-452B-824F-07B56BFD24FF}
		{E9182F3B-7930-45AF-B0A1-F39B21758F3E} = {4C37371B-B589-452B-824F-07B56BFD24FF}
	EndGlobalSection
EndGlobal
